
Microsoft Visual Studio Solution File, Format Version 12.00
# Visual Studio Version 16
VisualStudioVersion = 16.0.31005.135
MinimumVisualStudioVersion = 10.0.40219.1
Project("{FAE04EC0-301F-11D3-BF4B-00C04F79EFBC}") = "Colas", "Colas\Colas.csproj", "{A8C538BE-00BB-49C0-9C04-C4AEFEA7F8FB}"
EndProject
Global
	GlobalSection(SolutionConfigurationPlatforms) = preSolution
		Debug|Any CPU = Debug|Any CPU
		Release|Any CPU = Release|Any CPU
	EndGlobalSection
	GlobalSection(ProjectConfigurationPlatforms) = postSolution
		{A8C538BE-00BB-49C0-9C04-C4AEFEA7F8FB}.Debug|Any CPU.ActiveCfg = Debug|Any CPU
		{A8C538BE-00BB-49C0-9C04-C4AEFEA7F8FB}.Debug|Any CPU.Build.0 = Debug|Any CPU
		{A8C538BE-00BB-49C0-9C04-C4AEFEA7F8FB}.Release|Any CPU.ActiveCfg = Release|Any CPU
		{A8C538BE-00BB-49C0-9C04-C4AEFEA7F8FB}.Release|Any CPU.Build.0 = Release|Any CPU
	EndGlobalSection
	GlobalSection(SolutionProperties) = preSolution
		HideSolutionNode = FALSE
	EndGlobalSection
	GlobalSection(ExtensibilityGlobals) = postSolution
		SolutionGuid = {6374117A-CACD-410E-B5E9-5DDCA9E30C32}
	EndGlobalSection
EndGlobal
